// !$*UTF8*$!
{
	archiveVersion = 1;
	classes = {
	};
	objectVersion = 46;
	objects = {

/* Begin PBXBuildFile section */
		0D1723AA1C15985E0058EAE6 /* main.m in Sources */ = {isa = PBXBuildFile; fileRef = 0D1723A91C15985E0058EAE6 /* main.m */; };
		0D1723AD1C15985E0058EAE6 /* AppDelegate.m in Sources */ = {isa = PBXBuildFile; fileRef = 0D1723AC1C15985E0058EAE6 /* AppDelegate.m */; };
		0D1723B01C15985E0058EAE6 /* ViewController.m in Sources */ = {isa = PBXBuildFile; fileRef = 0D1723AF1C15985E0058EAE6 /* ViewController.m */; };
		0D1723B31C15985E0058EAE6 /* Main.storyboard in Resources */ = {isa = PBXBuildFile; fileRef = 0D1723B11C15985E0058EAE6 /* Main.storyboard */; };
		0D1723B51C15985E0058EAE6 /* Assets.xcassets in Resources */ = {isa = PBXBuildFile; fileRef = 0D1723B41C15985E0058EAE6 /* Assets.xcassets */; };
		0D1723B81C15985E0058EAE6 /* LaunchScreen.storyboard in Resources */ = {isa = PBXBuildFile; fileRef = 0D1723B61C15985E0058EAE6 /* LaunchScreen.storyboard */; };
		0D1723CD1C15A60B0058EAE6 /* AlipaySDK.bundle in Resources */ = {isa = PBXBuildFile; fileRef = 0D1723C21C15A60B0058EAE6 /* AlipaySDK.bundle */; };
		0D1723CE1C15A60B0058EAE6 /* AlipaySDK.framework in Frameworks */ = {isa = PBXBuildFile; fileRef = 0D1723C31C15A60B0058EAE6 /* AlipaySDK.framework */; };
		0D1723CF1C15A60B0058EAE6 /* TencentOpenAPI.framework in Frameworks */ = {isa = PBXBuildFile; fileRef = 0D1723C61C15A60B0058EAE6 /* TencentOpenAPI.framework */; };
		0D1723D01C15A60B0058EAE6 /* TencentOpenApi_IOS_Bundle.bundle in Resources */ = {isa = PBXBuildFile; fileRef = 0D1723C71C15A60B0058EAE6 /* TencentOpenApi_IOS_Bundle.bundle */; };
		0D1723D11C15A60B0058EAE6 /* libWeChatSDK.a in Frameworks */ = {isa = PBXBuildFile; fileRef = 0D1723C91C15A60B0058EAE6 /* libWeChatSDK.a */; };
		0D1723DA1C15A63D0058EAE6 /* DDOAuthKit.m in Sources */ = {isa = PBXBuildFile; fileRef = 0D1723D31C15A63D0058EAE6 /* DDOAuthKit.m */; };
		0D1723DB1C15A63D0058EAE6 /* DDPaymentKit.m in Sources */ = {isa = PBXBuildFile; fileRef = 0D1723D51C15A63D0058EAE6 /* DDPaymentKit.m */; };
		0D1723DC1C15A63D0058EAE6 /* DDShareItem.m in Sources */ = {isa = PBXBuildFile; fileRef = 0D1723D71C15A63D0058EAE6 /* DDShareItem.m */; };
		0D1723DD1C15A63D0058EAE6 /* DDShareKit.m in Sources */ = {isa = PBXBuildFile; fileRef = 0D1723D91C15A63D0058EAE6 /* DDShareKit.m */; };
		0D1724021C15BEF30058EAE6 /* DataSigner.m in Sources */ = {isa = PBXBuildFile; fileRef = 0D1723F71C15BEF30058EAE6 /* DataSigner.m */; };
		0D1724031C15BEF30058EAE6 /* DataVerifier.m in Sources */ = {isa = PBXBuildFile; fileRef = 0D1723F91C15BEF30058EAE6 /* DataVerifier.m */; };
		0D1724041C15BEF30058EAE6 /* MD5DataSigner.m in Sources */ = {isa = PBXBuildFile; fileRef = 0D1723FB1C15BEF30058EAE6 /* MD5DataSigner.m */; };
		0D1724051C15BEF30058EAE6 /* openssl_wrapper.m in Sources */ = {isa = PBXBuildFile; fileRef = 0D1723FD1C15BEF30058EAE6 /* openssl_wrapper.m */; };
		0D1724061C15BEF30058EAE6 /* RSADataSigner.m in Sources */ = {isa = PBXBuildFile; fileRef = 0D1723FF1C15BEF30058EAE6 /* RSADataSigner.m */; };
		0D1724071C15BEF30058EAE6 /* RSADataVerifier.m in Sources */ = {isa = PBXBuildFile; fileRef = 0D1724011C15BEF30058EAE6 /* RSADataVerifier.m */; };
		0D17240E1C15C00C0058EAE6 /* libstdc++.6.0.9.tbd in Frameworks */ = {isa = PBXBuildFile; fileRef = 0D1724081C15BF850058EAE6 /* libstdc++.6.0.9.tbd */; };
		0D17245E1C15C1760058EAE6 /* libcrypto.a in Frameworks */ = {isa = PBXBuildFile; fileRef = 0D17245C1C15C1760058EAE6 /* libcrypto.a */; };
		0D17245F1C15C1760058EAE6 /* libssl.a in Frameworks */ = {isa = PBXBuildFile; fileRef = 0D17245D1C15C1760058EAE6 /* libssl.a */; };
		0D1724631C15C4740058EAE6 /* DDKit_iOS_Bundle.bundle in Resources */ = {isa = PBXBuildFile; fileRef = 0D1724621C15C4740058EAE6 /* DDKit_iOS_Bundle.bundle */; };
		3A1135B123C93E03BF72516A /* libPods.a in Frameworks */ = {isa = PBXBuildFile; fileRef = 691684909592A8AF69C9DA90 /* libPods.a */; };
/* End PBXBuildFile section */

/* Begin PBXFileReference section */
		0D1723A51C15985E0058EAE6 /* DDKit.app */ = {isa = PBXFileReference; explicitFileType = wrapper.application; includeInIndex = 0; path = DDKit.app; sourceTree = BUILT_PRODUCTS_DIR; };
		0D1723A91C15985E0058EAE6 /* main.m */ = {isa = PBXFileReference; lastKnownFileType = sourcecode.c.objc; path = main.m; sourceTree = "<group>"; };
		0D1723AB1C15985E0058EAE6 /* AppDelegate.h */ = {isa = PBXFileReference; lastKnownFileType = sourcecode.c.h; path = AppDelegate.h; sourceTree = "<group>"; };
		0D1723AC1C15985E0058EAE6 /* AppDelegate.m */ = {isa = PBXFileReference; lastKnownFileType = sourcecode.c.objc; path = AppDelegate.m; sourceTree = "<group>"; };
		0D1723AE1C15985E0058EAE6 /* ViewController.h */ = {isa = PBXFileReference; lastKnownFileType = sourcecode.c.h; path = ViewController.h; sourceTree = "<group>"; };
		0D1723AF1C15985E0058EAE6 /* ViewController.m */ = {isa = PBXFileReference; lastKnownFileType = sourcecode.c.objc; path = ViewController.m; sourceTree = "<group>"; };
		0D1723B21C15985E0058EAE6 /* Base */ = {isa = PBXFileReference; lastKnownFileType = file.storyboard; name = Base; path = Base.lproj/Main.storyboard; sourceTree = "<group>"; };
		0D1723B41C15985E0058EAE6 /* Assets.xcassets */ = {isa = PBXFileReference; lastKnownFileType = folder.assetcatalog; path = Assets.xcassets; sourceTree = "<group>"; };
		0D1723B71C15985E0058EAE6 /* Base */ = {isa = PBXFileReference; lastKnownFileType = file.storyboard; name = Base; path = Base.lproj/LaunchScreen.storyboard; sourceTree = "<group>"; };
		0D1723B91C15985E0058EAE6 /* Info.plist */ = {isa = PBXFileReference; lastKnownFileType = text.plist.xml; path = Info.plist; sourceTree = "<group>"; };
		0D1723C21C15A60B0058EAE6 /* AlipaySDK.bundle */ = {isa = PBXFileReference; lastKnownFileType = "wrapper.plug-in"; path = AlipaySDK.bundle; sourceTree = "<group>"; };
		0D1723C31C15A60B0058EAE6 /* AlipaySDK.framework */ = {isa = PBXFileReference; lastKnownFileType = wrapper.framework; path = AlipaySDK.framework; sourceTree = "<group>"; };
		0D1723C61C15A60B0058EAE6 /* TencentOpenAPI.framework */ = {isa = PBXFileReference; lastKnownFileType = wrapper.framework; path = TencentOpenAPI.framework; sourceTree = "<group>"; };
		0D1723C71C15A60B0058EAE6 /* TencentOpenApi_IOS_Bundle.bundle */ = {isa = PBXFileReference; lastKnownFileType = "wrapper.plug-in"; path = TencentOpenApi_IOS_Bundle.bundle; sourceTree = "<group>"; };
		0D1723C91C15A60B0058EAE6 /* libWeChatSDK.a */ = {isa = PBXFileReference; lastKnownFileType = archive.ar; path = libWeChatSDK.a; sourceTree = "<group>"; };
		0D1723CA1C15A60B0058EAE6 /* WechatAuthSDK.h */ = {isa = PBXFileReference; fileEncoding = 4; lastKnownFileType = sourcecode.c.h; path = WechatAuthSDK.h; sourceTree = "<group>"; };
		0D1723CB1C15A60B0058EAE6 /* WXApi.h */ = {isa = PBXFileReference; fileEncoding = 4; lastKnownFileType = sourcecode.c.h; path = WXApi.h; sourceTree = "<group>"; };
		0D1723CC1C15A60B0058EAE6 /* WXApiObject.h */ = {isa = PBXFileReference; fileEncoding = 4; lastKnownFileType = sourcecode.c.h; path = WXApiObject.h; sourceTree = "<group>"; };
		0D1723D21C15A63D0058EAE6 /* DDOAuthKit.h */ = {isa = PBXFileReference; fileEncoding = 4; lastKnownFileType = sourcecode.c.h; path = DDOAuthKit.h; sourceTree = "<group>"; };
		0D1723D31C15A63D0058EAE6 /* DDOAuthKit.m */ = {isa = PBXFileReference; fileEncoding = 4; lastKnownFileType = sourcecode.c.objc; path = DDOAuthKit.m; sourceTree = "<group>"; };
		0D1723D41C15A63D0058EAE6 /* DDPaymentKit.h */ = {isa = PBXFileReference; fileEncoding = 4; lastKnownFileType = sourcecode.c.h; path = DDPaymentKit.h; sourceTree = "<group>"; };
		0D1723D51C15A63D0058EAE6 /* DDPaymentKit.m */ = {isa = PBXFileReference; fileEncoding = 4; lastKnownFileType = sourcecode.c.objc; path = DDPaymentKit.m; sourceTree = "<group>"; };
		0D1723D61C15A63D0058EAE6 /* DDShareItem.h */ = {isa = PBXFileReference; fileEncoding = 4; lastKnownFileType = sourcecode.c.h; path = DDShareItem.h; sourceTree = "<group>"; };
		0D1723D71C15A63D0058EAE6 /* DDShareItem.m */ = {isa = PBXFileReference; fileEncoding = 4; lastKnownFileType = sourcecode.c.objc; path = DDShareItem.m; sourceTree = "<group>"; };
		0D1723D81C15A63D0058EAE6 /* DDShareKit.h */ = {isa = PBXFileReference; fileEncoding = 4; lastKnownFileType = sourcecode.c.h; path = DDShareKit.h; sourceTree = "<group>"; };
		0D1723D91C15A63D0058EAE6 /* DDShareKit.m */ = {isa = PBXFileReference; fileEncoding = 4; lastKnownFileType = sourcecode.c.objc; path = DDShareKit.m; sourceTree = "<group>"; };
		0D1723F51C15BEF30058EAE6 /* config.h */ = {isa = PBXFileReference; fileEncoding = 4; lastKnownFileType = sourcecode.c.h; path = config.h; sourceTree = "<group>"; };
		0D1723F61C15BEF30058EAE6 /* DataSigner.h */ = {isa = PBXFileReference; fileEncoding = 4; lastKnownFileType = sourcecode.c.h; path = DataSigner.h; sourceTree = "<group>"; };
		0D1723F71C15BEF30058EAE6 /* DataSigner.m */ = {isa = PBXFileReference; fileEncoding = 4; lastKnownFileType = sourcecode.c.objc; path = DataSigner.m; sourceTree = "<group>"; };
		0D1723F81C15BEF30058EAE6 /* DataVerifier.h */ = {isa = PBXFileReference; fileEncoding = 4; lastKnownFileType = sourcecode.c.h; path = DataVerifier.h; sourceTree = "<group>"; };
		0D1723F91C15BEF30058EAE6 /* DataVerifier.m */ = {isa = PBXFileReference; fileEncoding = 4; lastKnownFileType = sourcecode.c.objc; path = DataVerifier.m; sourceTree = "<group>"; };
		0D1723FA1C15BEF30058EAE6 /* MD5DataSigner.h */ = {isa = PBXFileReference; fileEncoding = 4; lastKnownFileType = sourcecode.c.h; path = MD5DataSigner.h; sourceTree = "<group>"; };
		0D1723FB1C15BEF30058EAE6 /* MD5DataSigner.m */ = {isa = PBXFileReference; fileEncoding = 4; lastKnownFileType = sourcecode.c.objc; path = MD5DataSigner.m; sourceTree = "<group>"; };
		0D1723FC1C15BEF30058EAE6 /* openssl_wrapper.h */ = {isa = PBXFileReference; fileEncoding = 4; lastKnownFileType = sourcecode.c.h; path = openssl_wrapper.h; sourceTree = "<group>"; };
		0D1723FD1C15BEF30058EAE6 /* openssl_wrapper.m */ = {isa = PBXFileReference; fileEncoding = 4; lastKnownFileType = sourcecode.c.objc; path = openssl_wrapper.m; sourceTree = "<group>"; };
		0D1723FE1C15BEF30058EAE6 /* RSADataSigner.h */ = {isa = PBXFileReference; fileEncoding = 4; lastKnownFileType = sourcecode.c.h; path = RSADataSigner.h; sourceTree = "<group>"; };
		0D1723FF1C15BEF30058EAE6 /* RSADataSigner.m */ = {isa = PBXFileReference; fileEncoding = 4; lastKnownFileType = sourcecode.c.objc; path = RSADataSigner.m; sourceTree = "<group>"; };
		0D1724001C15BEF30058EAE6 /* RSADataVerifier.h */ = {isa = PBXFileReference; fileEncoding = 4; lastKnownFileType = sourcecode.c.h; path = RSADataVerifier.h; sourceTree = "<group>"; };
		0D1724011C15BEF30058EAE6 /* RSADataVerifier.m */ = {isa = PBXFileReference; fileEncoding = 4; lastKnownFileType = sourcecode.c.objc; path = RSADataVerifier.m; sourceTree = "<group>"; };
		0D1724081C15BF850058EAE6 /* libstdc++.6.0.9.tbd */ = {isa = PBXFileReference; lastKnownFileType = "sourcecode.text-based-dylib-definition"; name = "libstdc++.6.0.9.tbd"; path = "usr/lib/libstdc++.6.0.9.tbd"; sourceTree = SDKROOT; };
		0D17240A1C15BFE50058EAE6 /* libz.1.2.5.tbd */ = {isa = PBXFileReference; lastKnownFileType = "sourcecode.text-based-dylib-definition"; name = libz.1.2.5.tbd; path = usr/lib/libz.1.2.5.tbd; sourceTree = SDKROOT; };
		0D17240C1C15BFEA0058EAE6 /* SystemConfiguration.framework */ = {isa = PBXFileReference; lastKnownFileType = wrapper.framework; name = SystemConfiguration.framework; path = System/Library/Frameworks/SystemConfiguration.framework; sourceTree = SDKROOT; };
		0D1724111C15C1760058EAE6 /* aes.h */ = {isa = PBXFileReference; fileEncoding = 4; lastKnownFileType = sourcecode.c.h; path = aes.h; sourceTree = "<group>"; };
		0D1724121C15C1760058EAE6 /* asn1.h */ = {isa = PBXFileReference; fileEncoding = 4; lastKnownFileType = sourcecode.c.h; path = asn1.h; sourceTree = "<group>"; };
		0D1724131C15C1760058EAE6 /* asn1_mac.h */ = {isa = PBXFileReference; fileEncoding = 4; lastKnownFileType = sourcecode.c.h; path = asn1_mac.h; sourceTree = "<group>"; };
		0D1724141C15C1760058EAE6 /* asn1t.h */ = {isa = PBXFileReference; fileEncoding = 4; lastKnownFileType = sourcecode.c.h; path = asn1t.h; sourceTree = "<group>"; };
		0D1724151C15C1760058EAE6 /* bio.h */ = {isa = PBXFileReference; fileEncoding = 4; lastKnownFileType = sourcecode.c.h; path = bio.h; sourceTree = "<group>"; };
		0D1724161C15C1760058EAE6 /* blowfish.h */ = {isa = PBXFileReference; fileEncoding = 4; lastKnownFileType = sourcecode.c.h; path = blowfish.h; sourceTree = "<group>"; };
		0D1724171C15C1760058EAE6 /* bn.h */ = {isa = PBXFileReference; fileEncoding = 4; lastKnownFileType = sourcecode.c.h; path = bn.h; sourceTree = "<group>"; };
		0D1724181C15C1760058EAE6 /* buffer.h */ = {isa = PBXFileReference; fileEncoding = 4; lastKnownFileType = sourcecode.c.h; path = buffer.h; sourceTree = "<group>"; };
		0D1724191C15C1760058EAE6 /* camellia.h */ = {isa = PBXFileReference; fileEncoding = 4; lastKnownFileType = sourcecode.c.h; path = camellia.h; sourceTree = "<group>"; };
		0D17241A1C15C1760058EAE6 /* cast.h */ = {isa = PBXFileReference; fileEncoding = 4; lastKnownFileType = sourcecode.c.h; path = cast.h; sourceTree = "<group>"; };
		0D17241B1C15C1760058EAE6 /* cmac.h */ = {isa = PBXFileReference; fileEncoding = 4; lastKnownFileType = sourcecode.c.h; path = cmac.h; sourceTree = "<group>"; };
		0D17241C1C15C1760058EAE6 /* cms.h */ = {isa = PBXFileReference; fileEncoding = 4; lastKnownFileType = sourcecode.c.h; path = cms.h; sourceTree = "<group>"; };
		0D17241D1C15C1760058EAE6 /* comp.h */ = {isa = PBXFileReference; fileEncoding = 4; lastKnownFileType = sourcecode.c.h; path = comp.h; sourceTree = "<group>"; };
		0D17241E1C15C1760058EAE6 /* conf.h */ = {isa = PBXFileReference; fileEncoding = 4; lastKnownFileType = sourcecode.c.h; path = conf.h; sourceTree = "<group>"; };
		0D17241F1C15C1760058EAE6 /* conf_api.h */ = {isa = PBXFileReference; fileEncoding = 4; lastKnownFileType = sourcecode.c.h; path = conf_api.h; sourceTree = "<group>"; };
		0D1724201C15C1760058EAE6 /* crypto.h */ = {isa = PBXFileReference; fileEncoding = 4; lastKnownFileType = sourcecode.c.h; path = crypto.h; sourceTree = "<group>"; };
		0D1724211C15C1760058EAE6 /* des.h */ = {isa = PBXFileReference; fileEncoding = 4; lastKnownFileType = sourcecode.c.h; path = des.h; sourceTree = "<group>"; };
		0D1724221C15C1760058EAE6 /* des_old.h */ = {isa = PBXFileReference; fileEncoding = 4; lastKnownFileType = sourcecode.c.h; path = des_old.h; sourceTree = "<group>"; };
		0D1724231C15C1760058EAE6 /* dh.h */ = {isa = PBXFileReference; fileEncoding = 4; lastKnownFileType = sourcecode.c.h; path = dh.h; sourceTree = "<group>"; };
		0D1724241C15C1760058EAE6 /* dsa.h */ = {isa = PBXFileReference; fileEncoding = 4; lastKnownFileType = sourcecode.c.h; path = dsa.h; sourceTree = "<group>"; };
		0D1724251C15C1760058EAE6 /* dso.h */ = {isa = PBXFileReference; fileEncoding = 4; lastKnownFileType = sourcecode.c.h; path = dso.h; sourceTree = "<group>"; };
		0D1724261C15C1760058EAE6 /* dtls1.h */ = {isa = PBXFileReference; fileEncoding = 4; lastKnownFileType = sourcecode.c.h; path = dtls1.h; sourceTree = "<group>"; };
		0D1724271C15C1760058EAE6 /* e_os2.h */ = {isa = PBXFileReference; fileEncoding = 4; lastKnownFileType = sourcecode.c.h; path = e_os2.h; sourceTree = "<group>"; };
		0D1724281C15C1760058EAE6 /* ebcdic.h */ = {isa = PBXFileReference; fileEncoding = 4; lastKnownFileType = sourcecode.c.h; path = ebcdic.h; sourceTree = "<group>"; };
		0D1724291C15C1760058EAE6 /* ec.h */ = {isa = PBXFileReference; fileEncoding = 4; lastKnownFileType = sourcecode.c.h; path = ec.h; sourceTree = "<group>"; };
		0D17242A1C15C1760058EAE6 /* ecdh.h */ = {isa = PBXFileReference; fileEncoding = 4; lastKnownFileType = sourcecode.c.h; path = ecdh.h; sourceTree = "<group>"; };
		0D17242B1C15C1760058EAE6 /* ecdsa.h */ = {isa = PBXFileReference; fileEncoding = 4; lastKnownFileType = sourcecode.c.h; path = ecdsa.h; sourceTree = "<group>"; };
		0D17242C1C15C1760058EAE6 /* engine.h */ = {isa = PBXFileReference; fileEncoding = 4; lastKnownFileType = sourcecode.c.h; path = engine.h; sourceTree = "<group>"; };
		0D17242D1C15C1760058EAE6 /* err.h */ = {isa = PBXFileReference; fileEncoding = 4; lastKnownFileType = sourcecode.c.h; path = err.h; sourceTree = "<group>"; };
		0D17242E1C15C1760058EAE6 /* evp.h */ = {isa = PBXFileReference; fileEncoding = 4; lastKnownFileType = sourcecode.c.h; path = evp.h; sourceTree = "<group>"; };
		0D17242F1C15C1760058EAE6 /* hmac.h */ = {isa = PBXFileReference; fileEncoding = 4; lastKnownFileType = sourcecode.c.h; path = hmac.h; sourceTree = "<group>"; };
		0D1724301C15C1760058EAE6 /* idea.h */ = {isa = PBXFileReference; fileEncoding = 4; lastKnownFileType = sourcecode.c.h; path = idea.h; sourceTree = "<group>"; };
		0D1724311C15C1760058EAE6 /* krb5_asn.h */ = {isa = PBXFileReference; fileEncoding = 4; lastKnownFileType = sourcecode.c.h; path = krb5_asn.h; sourceTree = "<group>"; };
		0D1724321C15C1760058EAE6 /* kssl.h */ = {isa = PBXFileReference; fileEncoding = 4; lastKnownFileType = sourcecode.c.h; path = kssl.h; sourceTree = "<group>"; };
		0D1724331C15C1760058EAE6 /* lhash.h */ = {isa = PBXFileReference; fileEncoding = 4; lastKnownFileType = sourcecode.c.h; path = lhash.h; sourceTree = "<group>"; };
		0D1724341C15C1760058EAE6 /* md4.h */ = {isa = PBXFileReference; fileEncoding = 4; lastKnownFileType = sourcecode.c.h; path = md4.h; sourceTree = "<group>"; };
		0D1724351C15C1760058EAE6 /* md5.h */ = {isa = PBXFileReference; fileEncoding = 4; lastKnownFileType = sourcecode.c.h; path = md5.h; sourceTree = "<group>"; };
		0D1724361C15C1760058EAE6 /* mdc2.h */ = {isa = PBXFileReference; fileEncoding = 4; lastKnownFileType = sourcecode.c.h; path = mdc2.h; sourceTree = "<group>"; };
		0D1724371C15C1760058EAE6 /* modes.h */ = {isa = PBXFileReference; fileEncoding = 4; lastKnownFileType = sourcecode.c.h; path = modes.h; sourceTree = "<group>"; };
		0D1724381C15C1760058EAE6 /* obj_mac.h */ = {isa = PBXFileReference; fileEncoding = 4; lastKnownFileType = sourcecode.c.h; path = obj_mac.h; sourceTree = "<group>"; };
		0D1724391C15C1760058EAE6 /* objects.h */ = {isa = PBXFileReference; fileEncoding = 4; lastKnownFileType = sourcecode.c.h; path = objects.h; sourceTree = "<group>"; };
		0D17243A1C15C1760058EAE6 /* ocsp.h */ = {isa = PBXFileReference; fileEncoding = 4; lastKnownFileType = sourcecode.c.h; path = ocsp.h; sourceTree = "<group>"; };
		0D17243B1C15C1760058EAE6 /* opensslconf.h */ = {isa = PBXFileReference; fileEncoding = 4; lastKnownFileType = sourcecode.c.h; path = opensslconf.h; sourceTree = "<group>"; };
		0D17243C1C15C1760058EAE6 /* opensslv.h */ = {isa = PBXFileReference; fileEncoding = 4; lastKnownFileType = sourcecode.c.h; path = opensslv.h; sourceTree = "<group>"; };
		0D17243D1C15C1760058EAE6 /* ossl_typ.h */ = {isa = PBXFileReference; fileEncoding = 4; lastKnownFileType = sourcecode.c.h; path = ossl_typ.h; sourceTree = "<group>"; };
		0D17243E1C15C1760058EAE6 /* pem.h */ = {isa = PBXFileReference; fileEncoding = 4; lastKnownFileType = sourcecode.c.h; path = pem.h; sourceTree = "<group>"; };
		0D17243F1C15C1760058EAE6 /* pem2.h */ = {isa = PBXFileReference; fileEncoding = 4; lastKnownFileType = sourcecode.c.h; path = pem2.h; sourceTree = "<group>"; };
		0D1724401C15C1760058EAE6 /* pkcs12.h */ = {isa = PBXFileReference; fileEncoding = 4; lastKnownFileType = sourcecode.c.h; path = pkcs12.h; sourceTree = "<group>"; };
		0D1724411C15C1760058EAE6 /* pkcs7.h */ = {isa = PBXFileReference; fileEncoding = 4; lastKnownFileType = sourcecode.c.h; path = pkcs7.h; sourceTree = "<group>"; };
		0D1724421C15C1760058EAE6 /* pqueue.h */ = {isa = PBXFileReference; fileEncoding = 4; lastKnownFileType = sourcecode.c.h; path = pqueue.h; sourceTree = "<group>"; };
		0D1724431C15C1760058EAE6 /* rand.h */ = {isa = PBXFileReference; fileEncoding = 4; lastKnownFileType = sourcecode.c.h; path = rand.h; sourceTree = "<group>"; };
		0D1724441C15C1760058EAE6 /* rc2.h */ = {isa = PBXFileReference; fileEncoding = 4; lastKnownFileType = sourcecode.c.h; path = rc2.h; sourceTree = "<group>"; };
		0D1724451C15C1760058EAE6 /* rc4.h */ = {isa = PBXFileReference; fileEncoding = 4; lastKnownFileType = sourcecode.c.h; path = rc4.h; sourceTree = "<group>"; };
		0D1724461C15C1760058EAE6 /* ripemd.h */ = {isa = PBXFileReference; fileEncoding = 4; lastKnownFileType = sourcecode.c.h; path = ripemd.h; sourceTree = "<group>"; };
		0D1724471C15C1760058EAE6 /* rsa.h */ = {isa = PBXFileReference; fileEncoding = 4; lastKnownFileType = sourcecode.c.h; path = rsa.h; sourceTree = "<group>"; };
		0D1724481C15C1760058EAE6 /* safestack.h */ = {isa = PBXFileReference; fileEncoding = 4; lastKnownFileType = sourcecode.c.h; path = safestack.h; sourceTree = "<group>"; };
		0D1724491C15C1760058EAE6 /* seed.h */ = {isa = PBXFileReference; fileEncoding = 4; lastKnownFileType = sourcecode.c.h; path = seed.h; sourceTree = "<group>"; };
		0D17244A1C15C1760058EAE6 /* sha.h */ = {isa = PBXFileReference; fileEncoding = 4; lastKnownFileType = sourcecode.c.h; path = sha.h; sourceTree = "<group>"; };
		0D17244B1C15C1760058EAE6 /* srp.h */ = {isa = PBXFileReference; fileEncoding = 4; lastKnownFileType = sourcecode.c.h; path = srp.h; sourceTree = "<group>"; };
		0D17244C1C15C1760058EAE6 /* srtp.h */ = {isa = PBXFileReference; fileEncoding = 4; lastKnownFileType = sourcecode.c.h; path = srtp.h; sourceTree = "<group>"; };
		0D17244D1C15C1760058EAE6 /* ssl.h */ = {isa = PBXFileReference; fileEncoding = 4; lastKnownFileType = sourcecode.c.h; path = ssl.h; sourceTree = "<group>"; };
		0D17244E1C15C1760058EAE6 /* ssl2.h */ = {isa = PBXFileReference; fileEncoding = 4; lastKnownFileType = sourcecode.c.h; path = ssl2.h; sourceTree = "<group>"; };
		0D17244F1C15C1760058EAE6 /* ssl23.h */ = {isa = PBXFileReference; fileEncoding = 4; lastKnownFileType = sourcecode.c.h; path = ssl23.h; sourceTree = "<group>"; };
		0D1724501C15C1760058EAE6 /* ssl3.h */ = {isa = PBXFileReference; fileEncoding = 4; lastKnownFileType = sourcecode.c.h; path = ssl3.h; sourceTree = "<group>"; };
		0D1724511C15C1760058EAE6 /* stack.h */ = {isa = PBXFileReference; fileEncoding = 4; lastKnownFileType = sourcecode.c.h; path = stack.h; sourceTree = "<group>"; };
		0D1724521C15C1760058EAE6 /* symhacks.h */ = {isa = PBXFileReference; fileEncoding = 4; lastKnownFileType = sourcecode.c.h; path = symhacks.h; sourceTree = "<group>"; };
		0D1724531C15C1760058EAE6 /* tls1.h */ = {isa = PBXFileReference; fileEncoding = 4; lastKnownFileType = sourcecode.c.h; path = tls1.h; sourceTree = "<group>"; };
		0D1724541C15C1760058EAE6 /* ts.h */ = {isa = PBXFileReference; fileEncoding = 4; lastKnownFileType = sourcecode.c.h; path = ts.h; sourceTree = "<group>"; };
		0D1724551C15C1760058EAE6 /* txt_db.h */ = {isa = PBXFileReference; fileEncoding = 4; lastKnownFileType = sourcecode.c.h; path = txt_db.h; sourceTree = "<group>"; };
		0D1724561C15C1760058EAE6 /* ui.h */ = {isa = PBXFileReference; fileEncoding = 4; lastKnownFileType = sourcecode.c.h; path = ui.h; sourceTree = "<group>"; };
		0D1724571C15C1760058EAE6 /* ui_compat.h */ = {isa = PBXFileReference; fileEncoding = 4; lastKnownFileType = sourcecode.c.h; path = ui_compat.h; sourceTree = "<group>"; };
		0D1724581C15C1760058EAE6 /* whrlpool.h */ = {isa = PBXFileReference; fileEncoding = 4; lastKnownFileType = sourcecode.c.h; path = whrlpool.h; sourceTree = "<group>"; };
		0D1724591C15C1760058EAE6 /* x509.h */ = {isa = PBXFileReference; fileEncoding = 4; lastKnownFileType = sourcecode.c.h; path = x509.h; sourceTree = "<group>"; };
		0D17245A1C15C1760058EAE6 /* x509_vfy.h */ = {isa = PBXFileReference; fileEncoding = 4; lastKnownFileType = sourcecode.c.h; path = x509_vfy.h; sourceTree = "<group>"; };
		0D17245B1C15C1760058EAE6 /* x509v3.h */ = {isa = PBXFileReference; fileEncoding = 4; lastKnownFileType = sourcecode.c.h; path = x509v3.h; sourceTree = "<group>"; };
		0D17245C1C15C1760058EAE6 /* libcrypto.a */ = {isa = PBXFileReference; lastKnownFileType = archive.ar; path = libcrypto.a; sourceTree = "<group>"; };
		0D17245D1C15C1760058EAE6 /* libssl.a */ = {isa = PBXFileReference; lastKnownFileType = archive.ar; path = libssl.a; sourceTree = "<group>"; };
		0D1724621C15C4740058EAE6 /* DDKit_iOS_Bundle.bundle */ = {isa = PBXFileReference; lastKnownFileType = "wrapper.plug-in"; path = DDKit_iOS_Bundle.bundle; sourceTree = "<group>"; };
		47B9E88C836B0AA4605D6188 /* Pods.debug.xcconfig */ = {isa = PBXFileReference; includeInIndex = 1; lastKnownFileType = text.xcconfig; name = Pods.debug.xcconfig; path = "Pods/Target Support Files/Pods/Pods.debug.xcconfig"; sourceTree = "<group>"; };
		490A803A302E911D4C1F00E9 /* Pods.release.xcconfig */ = {isa = PBXFileReference; includeInIndex = 1; lastKnownFileType = text.xcconfig; name = Pods.release.xcconfig; path = "Pods/Target Support Files/Pods/Pods.release.xcconfig"; sourceTree = "<group>"; };
		691684909592A8AF69C9DA90 /* libPods.a */ = {isa = PBXFileReference; explicitFileType = archive.ar; includeInIndex = 0; path = libPods.a; sourceTree = BUILT_PRODUCTS_DIR; };
/* End PBXFileReference section */

/* Begin PBXFrameworksBuildPhase section */
		0D1723A21C15985E0058EAE6 /* Frameworks */ = {
			isa = PBXFrameworksBuildPhase;
			buildActionMask = 2147483647;
			files = (
				0D17240E1C15C00C0058EAE6 /* libstdc++.6.0.9.tbd in Frameworks */,
				3A1135B123C93E03BF72516A /* libPods.a in Frameworks */,
				0D17245F1C15C1760058EAE6 /* libssl.a in Frameworks */,
				0D17245E1C15C1760058EAE6 /* libcrypto.a in Frameworks */,
				0D1723CF1C15A60B0058EAE6 /* TencentOpenAPI.framework in Frameworks */,
				0D1723D11C15A60B0058EAE6 /* libWeChatSDK.a in Frameworks */,
				0D1723CE1C15A60B0058EAE6 /* AlipaySDK.framework in Frameworks */,
			);
			runOnlyForDeploymentPostprocessing = 0;
		};
/* End PBXFrameworksBuildPhase section */

/* Begin PBXGroup section */
		021A844904AFA403F617BC73 /* Frameworks */ = {
			isa = PBXGroup;
			children = (
				0D17240C1C15BFEA0058EAE6 /* SystemConfiguration.framework */,
				0D17240A1C15BFE50058EAE6 /* libz.1.2.5.tbd */,
				0D1724081C15BF850058EAE6 /* libstdc++.6.0.9.tbd */,
				691684909592A8AF69C9DA90 /* libPods.a */,
			);
			name = Frameworks;
			sourceTree = "<group>";
		};
		0D17239C1C15985E0058EAE6 = {
			isa = PBXGroup;
			children = (
				0D1723A71C15985E0058EAE6 /* DDKit */,
				0D1723A61C15985E0058EAE6 /* Products */,
				948E016F5B99AEA6D5C4851C /* Pods */,
				021A844904AFA403F617BC73 /* Frameworks */,
			);
			sourceTree = "<group>";
		};
		0D1723A61C15985E0058EAE6 /* Products */ = {
			isa = PBXGroup;
			children = (
				0D1723A51C15985E0058EAE6 /* DDKit.app */,
			);
			name = Products;
			sourceTree = "<group>";
		};
		0D1723A71C15985E0058EAE6 /* DDKit */ = {
			isa = PBXGroup;
			children = (
				0D1723BF1C15A60B0058EAE6 /* DDKit */,
				0D1723AB1C15985E0058EAE6 /* AppDelegate.h */,
				0D1723AC1C15985E0058EAE6 /* AppDelegate.m */,
				0D1723AE1C15985E0058EAE6 /* ViewController.h */,
				0D1723AF1C15985E0058EAE6 /* ViewController.m */,
				0D1723B11C15985E0058EAE6 /* Main.storyboard */,
				0D1723B41C15985E0058EAE6 /* Assets.xcassets */,
				0D1723B61C15985E0058EAE6 /* LaunchScreen.storyboard */,
				0D1723B91C15985E0058EAE6 /* Info.plist */,
				0D1723A81C15985E0058EAE6 /* Supporting Files */,
			);
			path = DDKit;
			sourceTree = "<group>";
		};
		0D1723A81C15985E0058EAE6 /* Supporting Files */ = {
			isa = PBXGroup;
			children = (
				0D1723A91C15985E0058EAE6 /* main.m */,
			);
			name = "Supporting Files";
			sourceTree = "<group>";
		};
		0D1723BF1C15A60B0058EAE6 /* DDKit */ = {
			isa = PBXGroup;
			children = (
				0D1724621C15C4740058EAE6 /* DDKit_iOS_Bundle.bundle */,
				0D1723D21C15A63D0058EAE6 /* DDOAuthKit.h */,
				0D1723D31C15A63D0058EAE6 /* DDOAuthKit.m */,
				0D1723D41C15A63D0058EAE6 /* DDPaymentKit.h */,
				0D1723D51C15A63D0058EAE6 /* DDPaymentKit.m */,
				0D1723D61C15A63D0058EAE6 /* DDShareItem.h */,
				0D1723D71C15A63D0058EAE6 /* DDShareItem.m */,
				0D1723D81C15A63D0058EAE6 /* DDShareKit.h */,
				0D1723D91C15A63D0058EAE6 /* DDShareKit.m */,
				0D1723C01C15A60B0058EAE6 /* Vender */,
			);
			path = DDKit;
			sourceTree = "<group>";
		};
		0D1723C01C15A60B0058EAE6 /* Vender */ = {
			isa = PBXGroup;
			children = (
				0D17240F1C15C1760058EAE6 /* openssl */,
				0D1723C11C15A60B0058EAE6 /* Alipay */,
				0D1723C41C15A60B0058EAE6 /* AlipayUtil */,
				0D1723C51C15A60B0058EAE6 /* QQ */,
				0D1723C81C15A60B0058EAE6 /* WX */,
			);
			path = Vender;
			sourceTree = "<group>";
		};
		0D1723C11C15A60B0058EAE6 /* Alipay */ = {
			isa = PBXGroup;
			children = (
				0D1723C21C15A60B0058EAE6 /* AlipaySDK.bundle */,
				0D1723C31C15A60B0058EAE6 /* AlipaySDK.framework */,
			);
			path = Alipay;
			sourceTree = "<group>";
		};
		0D1723C41C15A60B0058EAE6 /* AlipayUtil */ = {
			isa = PBXGroup;
			children = (
				0D1723F51C15BEF30058EAE6 /* config.h */,
				0D1723F61C15BEF30058EAE6 /* DataSigner.h */,
				0D1723F71C15BEF30058EAE6 /* DataSigner.m */,
				0D1723F81C15BEF30058EAE6 /* DataVerifier.h */,
				0D1723F91C15BEF30058EAE6 /* DataVerifier.m */,
				0D1723FA1C15BEF30058EAE6 /* MD5DataSigner.h */,
				0D1723FB1C15BEF30058EAE6 /* MD5DataSigner.m */,
				0D1723FC1C15BEF30058EAE6 /* openssl_wrapper.h */,
				0D1723FD1C15BEF30058EAE6 /* openssl_wrapper.m */,
				0D1723FE1C15BEF30058EAE6 /* RSADataSigner.h */,
				0D1723FF1C15BEF30058EAE6 /* RSADataSigner.m */,
				0D1724001C15BEF30058EAE6 /* RSADataVerifier.h */,
				0D1724011C15BEF30058EAE6 /* RSADataVerifier.m */,
			);
			path = AlipayUtil;
			sourceTree = "<group>";
		};
		0D1723C51C15A60B0058EAE6 /* QQ */ = {
			isa = PBXGroup;
			children = (
				0D1723C61C15A60B0058EAE6 /* TencentOpenAPI.framework */,
				0D1723C71C15A60B0058EAE6 /* TencentOpenApi_IOS_Bundle.bundle */,
			);
			path = QQ;
			sourceTree = "<group>";
		};
		0D1723C81C15A60B0058EAE6 /* WX */ = {
			isa = PBXGroup;
			children = (
				0D1723C91C15A60B0058EAE6 /* libWeChatSDK.a */,
				0D1723CA1C15A60B0058EAE6 /* WechatAuthSDK.h */,
				0D1723CB1C15A60B0058EAE6 /* WXApi.h */,
				0D1723CC1C15A60B0058EAE6 /* WXApiObject.h */,
			);
			path = WX;
			sourceTree = "<group>";
		};
		0D17240F1C15C1760058EAE6 /* openssl */ = {
			isa = PBXGroup;
			children = (
				0D1724101C15C1760058EAE6 /* headers */,
				0D17245C1C15C1760058EAE6 /* libcrypto.a */,
				0D17245D1C15C1760058EAE6 /* libssl.a */,
			);
			path = openssl;
			sourceTree = "<group>";
		};
		0D1724101C15C1760058EAE6 /* headers */ = {
			isa = PBXGroup;
			children = (
				0D1724111C15C1760058EAE6 /* aes.h */,
				0D1724121C15C1760058EAE6 /* asn1.h */,
				0D1724131C15C1760058EAE6 /* asn1_mac.h */,
				0D1724141C15C1760058EAE6 /* asn1t.h */,
				0D1724151C15C1760058EAE6 /* bio.h */,
				0D1724161C15C1760058EAE6 /* blowfish.h */,
				0D1724171C15C1760058EAE6 /* bn.h */,
				0D1724181C15C1760058EAE6 /* buffer.h */,
				0D1724191C15C1760058EAE6 /* camellia.h */,
				0D17241A1C15C1760058EAE6 /* cast.h */,
				0D17241B1C15C1760058EAE6 /* cmac.h */,
				0D17241C1C15C1760058EAE6 /* cms.h */,
				0D17241D1C15C1760058EAE6 /* comp.h */,
				0D17241E1C15C1760058EAE6 /* conf.h */,
				0D17241F1C15C1760058EAE6 /* conf_api.h */,
				0D1724201C15C1760058EAE6 /* crypto.h */,
				0D1724211C15C1760058EAE6 /* des.h */,
				0D1724221C15C1760058EAE6 /* des_old.h */,
				0D1724231C15C1760058EAE6 /* dh.h */,
				0D1724241C15C1760058EAE6 /* dsa.h */,
				0D1724251C15C1760058EAE6 /* dso.h */,
				0D1724261C15C1760058EAE6 /* dtls1.h */,
				0D1724271C15C1760058EAE6 /* e_os2.h */,
				0D1724281C15C1760058EAE6 /* ebcdic.h */,
				0D1724291C15C1760058EAE6 /* ec.h */,
				0D17242A1C15C1760058EAE6 /* ecdh.h */,
				0D17242B1C15C1760058EAE6 /* ecdsa.h */,
				0D17242C1C15C1760058EAE6 /* engine.h */,
				0D17242D1C15C1760058EAE6 /* err.h */,
				0D17242E1C15C1760058EAE6 /* evp.h */,
				0D17242F1C15C1760058EAE6 /* hmac.h */,
				0D1724301C15C1760058EAE6 /* idea.h */,
				0D1724311C15C1760058EAE6 /* krb5_asn.h */,
				0D1724321C15C1760058EAE6 /* kssl.h */,
				0D1724331C15C1760058EAE6 /* lhash.h */,
				0D1724341C15C1760058EAE6 /* md4.h */,
				0D1724351C15C1760058EAE6 /* md5.h */,
				0D1724361C15C1760058EAE6 /* mdc2.h */,
				0D1724371C15C1760058EAE6 /* modes.h */,
				0D1724381C15C1760058EAE6 /* obj_mac.h */,
				0D1724391C15C1760058EAE6 /* objects.h */,
				0D17243A1C15C1760058EAE6 /* ocsp.h */,
				0D17243B1C15C1760058EAE6 /* opensslconf.h */,
				0D17243C1C15C1760058EAE6 /* opensslv.h */,
				0D17243D1C15C1760058EAE6 /* ossl_typ.h */,
				0D17243E1C15C1760058EAE6 /* pem.h */,
				0D17243F1C15C1760058EAE6 /* pem2.h */,
				0D1724401C15C1760058EAE6 /* pkcs12.h */,
				0D1724411C15C1760058EAE6 /* pkcs7.h */,
				0D1724421C15C1760058EAE6 /* pqueue.h */,
				0D1724431C15C1760058EAE6 /* rand.h */,
				0D1724441C15C1760058EAE6 /* rc2.h */,
				0D1724451C15C1760058EAE6 /* rc4.h */,
				0D1724461C15C1760058EAE6 /* ripemd.h */,
				0D1724471C15C1760058EAE6 /* rsa.h */,
				0D1724481C15C1760058EAE6 /* safestack.h */,
				0D1724491C15C1760058EAE6 /* seed.h */,
				0D17244A1C15C1760058EAE6 /* sha.h */,
				0D17244B1C15C1760058EAE6 /* srp.h */,
				0D17244C1C15C1760058EAE6 /* srtp.h */,
				0D17244D1C15C1760058EAE6 /* ssl.h */,
				0D17244E1C15C1760058EAE6 /* ssl2.h */,
				0D17244F1C15C1760058EAE6 /* ssl23.h */,
				0D1724501C15C1760058EAE6 /* ssl3.h */,
				0D1724511C15C1760058EAE6 /* stack.h */,
				0D1724521C15C1760058EAE6 /* symhacks.h */,
				0D1724531C15C1760058EAE6 /* tls1.h */,
				0D1724541C15C1760058EAE6 /* ts.h */,
				0D1724551C15C1760058EAE6 /* txt_db.h */,
				0D1724561C15C1760058EAE6 /* ui.h */,
				0D1724571C15C1760058EAE6 /* ui_compat.h */,
				0D1724581C15C1760058EAE6 /* whrlpool.h */,
				0D1724591C15C1760058EAE6 /* x509.h */,
				0D17245A1C15C1760058EAE6 /* x509_vfy.h */,
				0D17245B1C15C1760058EAE6 /* x509v3.h */,
			);
			path = headers;
			sourceTree = "<group>";
		};
		948E016F5B99AEA6D5C4851C /* Pods */ = {
			isa = PBXGroup;
			children = (
				47B9E88C836B0AA4605D6188 /* Pods.debug.xcconfig */,
				490A803A302E911D4C1F00E9 /* Pods.release.xcconfig */,
			);
			name = Pods;
			sourceTree = "<group>";
		};
/* End PBXGroup section */

/* Begin PBXNativeTarget section */
		0D1723A41C15985E0058EAE6 /* DDKit */ = {
			isa = PBXNativeTarget;
			buildConfigurationList = 0D1723BC1C15985E0058EAE6 /* Build configuration list for PBXNativeTarget "DDKit" */;
			buildPhases = (
				772A62BBFA8816F578F030CC /* Check Pods Manifest.lock */,
				0D1723A11C15985E0058EAE6 /* Sources */,
				0D1723A21C15985E0058EAE6 /* Frameworks */,
				0D1723A31C15985E0058EAE6 /* Resources */,
				94555CC98DD30AFA3A21A9D7 /* Embed Pods Frameworks */,
				6EFD230E6BC93D4613243A45 /* Copy Pods Resources */,
			);
			buildRules = (
			);
			dependencies = (
			);
			name = DDKit;
			productName = DDKit;
			productReference = 0D1723A51C15985E0058EAE6 /* DDKit.app */;
			productType = "com.apple.product-type.application";
		};
/* End PBXNativeTarget section */

/* Begin PBXProject section */
		0D17239D1C15985E0058EAE6 /* Project object */ = {
			isa = PBXProject;
			attributes = {
				LastUpgradeCheck = 0710;
				ORGANIZATIONNAME = ddkit;
				TargetAttributes = {
					0D1723A41C15985E0058EAE6 = {
						CreatedOnToolsVersion = 7.1.1;
					};
				};
			};
			buildConfigurationList = 0D1723A01C15985E0058EAE6 /* Build configuration list for PBXProject "DDKit" */;
			compatibilityVersion = "Xcode 3.2";
			developmentRegion = English;
			hasScannedForEncodings = 0;
			knownRegions = (
				en,
				Base,
			);
			mainGroup = 0D17239C1C15985E0058EAE6;
			productRefGroup = 0D1723A61C15985E0058EAE6 /* Products */;
			projectDirPath = "";
			projectRoot = "";
			targets = (
				0D1723A41C15985E0058EAE6 /* DDKit */,
			);
		};
/* End PBXProject section */

/* Begin PBXResourcesBuildPhase section */
		0D1723A31C15985E0058EAE6 /* Resources */ = {
			isa = PBXResourcesBuildPhase;
			buildActionMask = 2147483647;
			files = (
				0D1723B81C15985E0058EAE6 /* LaunchScreen.storyboard in Resources */,
				0D1724631C15C4740058EAE6 /* DDKit_iOS_Bundle.bundle in Resources */,
				0D1723B51C15985E0058EAE6 /* Assets.xcassets in Resources */,
				0D1723CD1C15A60B0058EAE6 /* AlipaySDK.bundle in Resources */,
				0D1723D01C15A60B0058EAE6 /* TencentOpenApi_IOS_Bundle.bundle in Resources */,
				0D1723B31C15985E0058EAE6 /* Main.storyboard in Resources */,
			);
			runOnlyForDeploymentPostprocessing = 0;
		};
/* End PBXResourcesBuildPhase section */

/* Begin PBXShellScriptBuildPhase section */
		6EFD230E6BC93D4613243A45 /* Copy Pods Resources */ = {
			isa = PBXShellScriptBuildPhase;
			buildActionMask = 2147483647;
			files = (
			);
			inputPaths = (
			);
			name = "Copy Pods Resources";
			outputPaths = (
			);
			runOnlyForDeploymentPostprocessing = 0;
			shellPath = /bin/sh;
			shellScript = "\"${SRCROOT}/Pods/Target Support Files/Pods/Pods-resources.sh\"\n";
			showEnvVarsInLog = 0;
		};
		772A62BBFA8816F578F030CC /* Check Pods Manifest.lock */ = {
			isa = PBXShellScriptBuildPhase;
			buildActionMask = 2147483647;
			files = (
			);
			inputPaths = (
			);
			name = "Check Pods Manifest.lock";
			outputPaths = (
			);
			runOnlyForDeploymentPostprocessing = 0;
			shellPath = /bin/sh;
			shellScript = "diff \"${PODS_ROOT}/../Podfile.lock\" \"${PODS_ROOT}/Manifest.lock\" > /dev/null\nif [[ $? != 0 ]] ; then\n    cat << EOM\nerror: The sandbox is not in sync with the Podfile.lock. Run 'pod install' or update your CocoaPods installation.\nEOM\n    exit 1\nfi\n";
			showEnvVarsInLog = 0;
		};
		94555CC98DD30AFA3A21A9D7 /* Embed Pods Frameworks */ = {
			isa = PBXShellScriptBuildPhase;
			buildActionMask = 2147483647;
			files = (
			);
			inputPaths = (
			);
			name = "Embed Pods Frameworks";
			outputPaths = (
			);
			runOnlyForDeploymentPostprocessing = 0;
			shellPath = /bin/sh;
			shellScript = "\"${SRCROOT}/Pods/Target Support Files/Pods/Pods-frameworks.sh\"\n";
			showEnvVarsInLog = 0;
		};
/* End PBXShellScriptBuildPhase section */

/* Begin PBXSourcesBuildPhase section */
		0D1723A11C15985E0058EAE6 /* Sources */ = {
			isa = PBXSourcesBuildPhase;
			buildActionMask = 2147483647;
			files = (
				0D1724031C15BEF30058EAE6 /* DataVerifier.m in Sources */,
				0D1724071C15BEF30058EAE6 /* RSADataVerifier.m in Sources */,
				0D1724041C15BEF30058EAE6 /* MD5DataSigner.m in Sources */,
				0D1724051C15BEF30058EAE6 /* openssl_wrapper.m in Sources */,
				0D1724061C15BEF30058EAE6 /* RSADataSigner.m in Sources */,
				0D1723DA1C15A63D0058EAE6 /* DDOAuthKit.m in Sources */,
				0D1723DB1C15A63D0058EAE6 /* DDPaymentKit.m in Sources */,
				0D1723B01C15985E0058EAE6 /* ViewController.m in Sources */,
				0D1723AD1C15985E0058EAE6 /* AppDelegate.m in Sources */,
				0D1723DD1C15A63D0058EAE6 /* DDShareKit.m in Sources */,
				0D1723DC1C15A63D0058EAE6 /* DDShareItem.m in Sources */,
				0D1723AA1C15985E0058EAE6 /* main.m in Sources */,
				0D1724021C15BEF30058EAE6 /* DataSigner.m in Sources */,
			);
			runOnlyForDeploymentPostprocessing = 0;
		};
/* End PBXSourcesBuildPhase section */

/* Begin PBXVariantGroup section */
		0D1723B11C15985E0058EAE6 /* Main.storyboard */ = {
			isa = PBXVariantGroup;
			children = (
				0D1723B21C15985E0058EAE6 /* Base */,
			);
			name = Main.storyboard;
			sourceTree = "<group>";
		};
		0D1723B61C15985E0058EAE6 /* LaunchScreen.storyboard */ = {
			isa = PBXVariantGroup;
			children = (
				0D1723B71C15985E0058EAE6 /* Base */,
			);
			name = LaunchScreen.storyboard;
			sourceTree = "<group>";
		};
/* End PBXVariantGroup section */

/* Begin XCBuildConfiguration section */
		0D1723BA1C15985E0058EAE6 /* Debug */ = {
			isa = XCBuildConfiguration;
			buildSettings = {
				ALWAYS_SEARCH_USER_PATHS = NO;
				CLANG_CXX_LANGUAGE_STANDARD = "gnu++0x";
				CLANG_CXX_LIBRARY = "libc++";
				CLANG_ENABLE_MODULES = YES;
				CLANG_ENABLE_OBJC_ARC = YES;
				CLANG_WARN_BOOL_CONVERSION = YES;
				CLANG_WARN_CONSTANT_CONVERSION = YES;
				CLANG_WARN_DIRECT_OBJC_ISA_USAGE = YES_ERROR;
				CLANG_WARN_EMPTY_BODY = YES;
				CLANG_WARN_ENUM_CONVERSION = YES;
				CLANG_WARN_INT_CONVERSION = YES;
				CLANG_WARN_OBJC_ROOT_CLASS = YES_ERROR;
				CLANG_WARN_UNREACHABLE_CODE = YES;
				CLANG_WARN__DUPLICATE_METHOD_MATCH = YES;
				"CODE_SIGN_IDENTITY[sdk=iphoneos*]" = "iPhone Developer";
				COPY_PHASE_STRIP = NO;
				DEBUG_INFORMATION_FORMAT = dwarf;
				ENABLE_STRICT_OBJC_MSGSEND = YES;
				ENABLE_TESTABILITY = YES;
				GCC_C_LANGUAGE_STANDARD = gnu99;
				GCC_DYNAMIC_NO_PIC = NO;
				GCC_NO_COMMON_BLOCKS = YES;
				GCC_OPTIMIZATION_LEVEL = 0;
				GCC_PREPROCESSOR_DEFINITIONS = (
					"DEBUG=1",
					"$(inherited)",
				);
				GCC_WARN_64_TO_32_BIT_CONVERSION = YES;
				GCC_WARN_ABOUT_RETURN_TYPE = YES_ERROR;
				GCC_WARN_UNDECLARED_SELECTOR = YES;
				GCC_WARN_UNINITIALIZED_AUTOS = YES_AGGRESSIVE;
				GCC_WARN_UNUSED_FUNCTION = YES;
				GCC_WARN_UNUSED_VARIABLE = YES;
				IPHONEOS_DEPLOYMENT_TARGET = 6.0;
				MTL_ENABLE_DEBUG_INFO = YES;
				ONLY_ACTIVE_ARCH = YES;
				SDKROOT = iphoneos;
			};
			name = Debug;
		};
		0D1723BB1C15985E0058EAE6 /* Release */ = {
			isa = XCBuildConfiguration;
			buildSettings = {
				ALWAYS_SEARCH_USER_PATHS = NO;
				CLANG_CXX_LANGUAGE_STANDARD = "gnu++0x";
				CLANG_CXX_LIBRARY = "libc++";
				CLANG_ENABLE_MODULES = YES;
				CLANG_ENABLE_OBJC_ARC = YES;
				CLANG_WARN_BOOL_CONVERSION = YES;
				CLANG_WARN_CONSTANT_CONVERSION = YES;
				CLANG_WARN_DIRECT_OBJC_ISA_USAGE = YES_ERROR;
				CLANG_WARN_EMPTY_BODY = YES;
				CLANG_WARN_ENUM_CONVERSION = YES;
				CLANG_WARN_INT_CONVERSION = YES;
				CLANG_WARN_OBJC_ROOT_CLASS = YES_ERROR;
				CLANG_WARN_UNREACHABLE_CODE = YES;
				CLANG_WARN__DUPLICATE_METHOD_MATCH = YES;
				"CODE_SIGN_IDENTITY[sdk=iphoneos*]" = "iPhone Developer";
				COPY_PHASE_STRIP = NO;
				DEBUG_INFORMATION_FORMAT = "dwarf-with-dsym";
				ENABLE_NS_ASSERTIONS = NO;
				ENABLE_STRICT_OBJC_MSGSEND = YES;
				GCC_C_LANGUAGE_STANDARD = gnu99;
				GCC_NO_COMMON_BLOCKS = YES;
				GCC_WARN_64_TO_32_BIT_CONVERSION = YES;
				GCC_WARN_ABOUT_RETURN_TYPE = YES_ERROR;
				GCC_WARN_UNDECLARED_SELECTOR = YES;
				GCC_WARN_UNINITIALIZED_AUTOS = YES_AGGRESSIVE;
				GCC_WARN_UNUSED_FUNCTION = YES;
				GCC_WARN_UNUSED_VARIABLE = YES;
				IPHONEOS_DEPLOYMENT_TARGET = 6.0;
				MTL_ENABLE_DEBUG_INFO = NO;
				SDKROOT = iphoneos;
				VALIDATE_PRODUCT = YES;
			};
			name = Release;
		};
		0D1723BD1C15985E0058EAE6 /* Debug */ = {
			isa = XCBuildConfiguration;
			baseConfigurationReference = 47B9E88C836B0AA4605D6188 /* Pods.debug.xcconfig */;
			buildSettings = {
				ASSETCATALOG_COMPILER_APPICON_NAME = AppIcon;
				ENABLE_BITCODE = NO;
				FRAMEWORK_SEARCH_PATHS = (
					"$(inherited)",
					"$(PROJECT_DIR)/DDKit/DDKit/Vender/Alipay",
					"$(PROJECT_DIR)/DDKit/DDKit/Vender/QQ",
				);
				INFOPLIST_FILE = DDKit/Info.plist;
				IPHONEOS_DEPLOYMENT_TARGET = 6.0;
				LD_RUNPATH_SEARCH_PATHS = "$(inherited) @executable_path/Frameworks";
				LIBRARY_SEARCH_PATHS = (
					"$(inherited)",
					"$(PROJECT_DIR)/DDKit/DDKit/Vender/WX",
					"$(PROJECT_DIR)/DDKit/DDKit/Vender/openssl",
				);
				PRODUCT_BUNDLE_IDENTIFIER = com.ddkit.DDKit;
				PRODUCT_NAME = "$(TARGET_NAME)";
			};
			name = Debug;
		};
		0D1723BE1C15985E0058EAE6 /* Release */ = {
			isa = XCBuildConfiguration;
			baseConfigurationReference = 490A803A302E911D4C1F00E9 /* Pods.release.xcconfig */;
			buildSettings = {
				ASSETCATALOG_COMPILER_APPICON_NAME = AppIcon;
				ENABLE_BITCODE = NO;
				FRAMEWORK_SEARCH_PATHS = (
					"$(inherited)",
					"$(PROJECT_DIR)/DDKit/DDKit/Vender/Alipay",
					"$(PROJECT_DIR)/DDKit/DDKit/Vender/QQ",
				);
				INFOPLIST_FILE = DDKit/Info.plist;
				IPHONEOS_DEPLOYMENT_TARGET = 6.0;
				LD_RUNPATH_SEARCH_PATHS = "$(inherited) @executable_path/Frameworks";
				LIBRARY_SEARCH_PATHS = (
					"$(inherited)",
					"$(PROJECT_DIR)/DDKit/DDKit/Vender/WX",
					"$(PROJECT_DIR)/DDKit/DDKit/Vender/openssl",
				);
				PRODUCT_BUNDLE_IDENTIFIER = com.ddkit.DDKit;
				PRODUCT_NAME = "$(TARGET_NAME)";
			};
			name = Release;
		};
/* End XCBuildConfiguration section */

/* Begin XCConfigurationList section */
		0D1723A01C15985E0058EAE6 /* Build configuration list for PBXProject "DDKit" */ = {
			isa = XCConfigurationList;
			buildConfigurations = (
				0D1723BA1C15985E0058EAE6 /* Debug */,
				0D1723BB1C15985E0058EAE6 /* Release */,
			);
			defaultConfigurationIsVisible = 0;
			defaultConfigurationName = Release;
		};
		0D1723BC1C15985E0058EAE6 /* Build configuration list for PBXNativeTarget "DDKit" */ = {
			isa = XCConfigurationList;
			buildConfigurations = (
				0D1723BD1C15985E0058EAE6 /* Debug */,
				0D1723BE1C15985E0058EAE6 /* Release */,
			);
			defaultConfigurationIsVisible = 0;
			defaultConfigurationName = Release;
		};
/* End XCConfigurationList section */
	};
	rootObject = 0D17239D1C15985E0058EAE6 /* Project object */;
}
