// !$*UTF8*$!
{
	archiveVersion = 1;
	classes = {
	};
	objectVersion = 46;
	objects = {

/* Begin PBXBuildFile section */
		8EE355631A6BF849006CFB0D /* main.m in Sources */ = {isa = PBXBuildFile; fileRef = 8EE355621A6BF849006CFB0D /* main.m */; };
		8EE355661A6BF849006CFB0D /* AppDelegate.m in Sources */ = {isa = PBXBuildFile; fileRef = 8EE355651A6BF849006CFB0D /* AppDelegate.m */; };
		8EE355691A6BF849006CFB0D /* ViewController.m in Sources */ = {isa = PBXBuildFile; fileRef = 8EE355681A6BF849006CFB0D /* ViewController.m */; };
		8EE3556C1A6BF849006CFB0D /* Main.storyboard in Resources */ = {isa = PBXBuildFile; fileRef = 8EE3556A1A6BF849006CFB0D /* Main.storyboard */; };
		8EE3556E1A6BF849006CFB0D /* Images.xcassets in Resources */ = {isa = PBXBuildFile; fileRef = 8EE3556D1A6BF849006CFB0D /* Images.xcassets */; };
		8EE355711A6BF849006CFB0D /* LaunchScreen.xib in Resources */ = {isa = PBXBuildFile; fileRef = 8EE3556F1A6BF849006CFB0D /* LaunchScreen.xib */; };
		8EE3557D1A6BF849006CFB0D /* DDWaterfallTests.m in Sources */ = {isa = PBXBuildFile; fileRef = 8EE3557C1A6BF849006CFB0D /* DDWaterfallTests.m */; };
		8EE3558C1A6BF8A4006CFB0D /* DDWaterfallView.m in Sources */ = {isa = PBXBuildFile; fileRef = 8EE3558B1A6BF8A4006CFB0D /* DDWaterfallView.m */; };
		8EE3558F1A6BF92C006CFB0D /* DDWaterfallCell.m in Sources */ = {isa = PBXBuildFile; fileRef = 8EE3558E1A6BF92C006CFB0D /* DDWaterfallCell.m */; };
/* End PBXBuildFile section */

/* Begin PBXContainerItemProxy section */
		8EE355771A6BF849006CFB0D /* PBXContainerItemProxy */ = {
			isa = PBXContainerItemProxy;
			containerPortal = 8EE355551A6BF849006CFB0D /* Project object */;
			proxyType = 1;
			remoteGlobalIDString = 8EE3555C1A6BF849006CFB0D;
			remoteInfo = DDWaterfall;
		};
/* End PBXContainerItemProxy section */

/* Begin PBXFileReference section */
		8EE3555D1A6BF849006CFB0D /* DDWaterfall.app */ = {isa = PBXFileReference; explicitFileType = wrapper.application; includeInIndex = 0; path = DDWaterfall.app; sourceTree = BUILT_PRODUCTS_DIR; };
		8EE355611A6BF849006CFB0D /* Info.plist */ = {isa = PBXFileReference; lastKnownFileType = text.plist.xml; path = Info.plist; sourceTree = "<group>"; };
		8EE355621A6BF849006CFB0D /* main.m */ = {isa = PBXFileReference; lastKnownFileType = sourcecode.c.objc; path = main.m; sourceTree = "<group>"; };
		8EE355641A6BF849006CFB0D /* AppDelegate.h */ = {isa = PBXFileReference; lastKnownFileType = sourcecode.c.h; path = AppDelegate.h; sourceTree = "<group>"; };
		8EE355651A6BF849006CFB0D /* AppDelegate.m */ = {isa = PBXFileReference; lastKnownFileType = sourcecode.c.objc; path = AppDelegate.m; sourceTree = "<group>"; };
		8EE355671A6BF849006CFB0D /* ViewController.h */ = {isa = PBXFileReference; lastKnownFileType = sourcecode.c.h; path = ViewController.h; sourceTree = "<group>"; };
		8EE355681A6BF849006CFB0D /* ViewController.m */ = {isa = PBXFileReference; lastKnownFileType = sourcecode.c.objc; path = ViewController.m; sourceTree = "<group>"; };
		8EE3556B1A6BF849006CFB0D /* Base */ = {isa = PBXFileReference; lastKnownFileType = file.storyboard; name = Base; path = Base.lproj/Main.storyboard; sourceTree = "<group>"; };
		8EE3556D1A6BF849006CFB0D /* Images.xcassets */ = {isa = PBXFileReference; lastKnownFileType = folder.assetcatalog; path = Images.xcassets; sourceTree = "<group>"; };
		8EE355701A6BF849006CFB0D /* Base */ = {isa = PBXFileReference; lastKnownFileType = file.xib; name = Base; path = Base.lproj/LaunchScreen.xib; sourceTree = "<group>"; };
		8EE355761A6BF849006CFB0D /* DDWaterfallTests.xctest */ = {isa = PBXFileReference; explicitFileType = wrapper.cfbundle; includeInIndex = 0; path = DDWaterfallTests.xctest; sourceTree = BUILT_PRODUCTS_DIR; };
		8EE3557B1A6BF849006CFB0D /* Info.plist */ = {isa = PBXFileReference; lastKnownFileType = text.plist.xml; path = Info.plist; sourceTree = "<group>"; };
		8EE3557C1A6BF849006CFB0D /* DDWaterfallTests.m */ = {isa = PBXFileReference; lastKnownFileType = sourcecode.c.objc; path = DDWaterfallTests.m; sourceTree = "<group>"; };
		8EE3558A1A6BF8A4006CFB0D /* DDWaterfallView.h */ = {isa = PBXFileReference; fileEncoding = 4; lastKnownFileType = sourcecode.c.h; path = DDWaterfallView.h; sourceTree = "<group>"; };
		8EE3558B1A6BF8A4006CFB0D /* DDWaterfallView.m */ = {isa = PBXFileReference; fileEncoding = 4; lastKnownFileType = sourcecode.c.objc; path = DDWaterfallView.m; sourceTree = "<group>"; };
		8EE3558D1A6BF92C006CFB0D /* DDWaterfallCell.h */ = {isa = PBXFileReference; fileEncoding = 4; lastKnownFileType = sourcecode.c.h; path = DDWaterfallCell.h; sourceTree = "<group>"; };
		8EE3558E1A6BF92C006CFB0D /* DDWaterfallCell.m */ = {isa = PBXFileReference; fileEncoding = 4; lastKnownFileType = sourcecode.c.objc; path = DDWaterfallCell.m; sourceTree = "<group>"; };
/* End PBXFileReference section */

/* Begin PBXFrameworksBuildPhase section */
		8EE3555A1A6BF849006CFB0D /* Frameworks */ = {
			isa = PBXFrameworksBuildPhase;
			buildActionMask = 2147483647;
			files = (
			);
			runOnlyForDeploymentPostprocessing = 0;
		};
		8EE355731A6BF849006CFB0D /* Frameworks */ = {
			isa = PBXFrameworksBuildPhase;
			buildActionMask = 2147483647;
			files = (
			);
			runOnlyForDeploymentPostprocessing = 0;
		};
/* End PBXFrameworksBuildPhase section */

/* Begin PBXGroup section */
		8EE355541A6BF849006CFB0D = {
			isa = PBXGroup;
			children = (
				8EE3555F1A6BF849006CFB0D /* DDWaterfall */,
				8EE355791A6BF849006CFB0D /* DDWaterfallTests */,
				8EE3555E1A6BF849006CFB0D /* Products */,
			);
			sourceTree = "<group>";
		};
		8EE3555E1A6BF849006CFB0D /* Products */ = {
			isa = PBXGroup;
			children = (
				8EE3555D1A6BF849006CFB0D /* DDWaterfall.app */,
				8EE355761A6BF849006CFB0D /* DDWaterfallTests.xctest */,
			);
			name = Products;
			sourceTree = "<group>";
		};
		8EE3555F1A6BF849006CFB0D /* DDWaterfall */ = {
			isa = PBXGroup;
			children = (
				8EE355891A6BF8A4006CFB0D /* DDWaterfallView */,
				8EE355641A6BF849006CFB0D /* AppDelegate.h */,
				8EE355651A6BF849006CFB0D /* AppDelegate.m */,
				8EE355671A6BF849006CFB0D /* ViewController.h */,
				8EE355681A6BF849006CFB0D /* ViewController.m */,
				8EE3556A1A6BF849006CFB0D /* Main.storyboard */,
				8EE3556D1A6BF849006CFB0D /* Images.xcassets */,
				8EE3556F1A6BF849006CFB0D /* LaunchScreen.xib */,
				8EE355601A6BF849006CFB0D /* Supporting Files */,
			);
			path = DDWaterfall;
			sourceTree = "<group>";
		};
		8EE355601A6BF849006CFB0D /* Supporting Files */ = {
			isa = PBXGroup;
			children = (
				8EE355611A6BF849006CFB0D /* Info.plist */,
				8EE355621A6BF849006CFB0D /* main.m */,
			);
			name = "Supporting Files";
			sourceTree = "<group>";
		};
		8EE355791A6BF849006CFB0D /* DDWaterfallTests */ = {
			isa = PBXGroup;
			children = (
				8EE3557C1A6BF849006CFB0D /* DDWaterfallTests.m */,
				8EE3557A1A6BF849006CFB0D /* Supporting Files */,
			);
			path = DDWaterfallTests;
			sourceTree = "<group>";
		};
		8EE3557A1A6BF849006CFB0D /* Supporting Files */ = {
			isa = PBXGroup;
			children = (
				8EE3557B1A6BF849006CFB0D /* Info.plist */,
			);
			name = "Supporting Files";
			sourceTree = "<group>";
		};
		8EE355891A6BF8A4006CFB0D /* DDWaterfallView */ = {
			isa = PBXGroup;
			children = (
				8EE3558A1A6BF8A4006CFB0D /* DDWaterfallView.h */,
				8EE3558B1A6BF8A4006CFB0D /* DDWaterfallView.m */,
				8EE3558D1A6BF92C006CFB0D /* DDWaterfallCell.h */,
				8EE3558E1A6BF92C006CFB0D /* DDWaterfallCell.m */,
			);
			path = DDWaterfallView;
			sourceTree = "<group>";
		};
/* End PBXGroup section */

/* Begin PBXNativeTarget section */
		8EE3555C1A6BF849006CFB0D /* DDWaterfall */ = {
			isa = PBXNativeTarget;
			buildConfigurationList = 8EE355801A6BF849006CFB0D /* Build configuration list for PBXNativeTarget "DDWaterfall" */;
			buildPhases = (
				8EE355591A6BF849006CFB0D /* Sources */,
				8EE3555A1A6BF849006CFB0D /* Frameworks */,
				8EE3555B1A6BF849006CFB0D /* Resources */,
			);
			buildRules = (
			);
			dependencies = (
			);
			name = DDWaterfall;
			productName = DDWaterfall;
			productReference = 8EE3555D1A6BF849006CFB0D /* DDWaterfall.app */;
			productType = "com.apple.product-type.application";
		};
		8EE355751A6BF849006CFB0D /* DDWaterfallTests */ = {
			isa = PBXNativeTarget;
			buildConfigurationList = 8EE355831A6BF849006CFB0D /* Build configuration list for PBXNativeTarget "DDWaterfallTests" */;
			buildPhases = (
				8EE355721A6BF849006CFB0D /* Sources */,
				8EE355731A6BF849006CFB0D /* Frameworks */,
				8EE355741A6BF849006CFB0D /* Resources */,
			);
			buildRules = (
			);
			dependencies = (
				8EE355781A6BF849006CFB0D /* PBXTargetDependency */,
			);
			name = DDWaterfallTests;
			productName = DDWaterfallTests;
			productReference = 8EE355761A6BF849006CFB0D /* DDWaterfallTests.xctest */;
			productType = "com.apple.product-type.bundle.unit-test";
		};
/* End PBXNativeTarget section */

/* Begin PBXProject section */
		8EE355551A6BF849006CFB0D /* Project object */ = {
			isa = PBXProject;
			attributes = {
				LastUpgradeCheck = 0610;
				ORGANIZATIONNAME = "MBaoBao Inc";
				TargetAttributes = {
					8EE3555C1A6BF849006CFB0D = {
						CreatedOnToolsVersion = 6.1.1;
					};
					8EE355751A6BF849006CFB0D = {
						CreatedOnToolsVersion = 6.1.1;
						TestTargetID = 8EE3555C1A6BF849006CFB0D;
					};
				};
			};
			buildConfigurationList = 8EE355581A6BF849006CFB0D /* Build configuration list for PBXProject "DDWaterfall" */;
			compatibilityVersion = "Xcode 3.2";
			developmentRegion = English;
			hasScannedForEncodings = 0;
			knownRegions = (
				en,
				Base,
			);
			mainGroup = 8EE355541A6BF849006CFB0D;
			productRefGroup = 8EE3555E1A6BF849006CFB0D /* Products */;
			projectDirPath = "";
			projectRoot = "";
			targets = (
				8EE3555C1A6BF849006CFB0D /* DDWaterfall */,
				8EE355751A6BF849006CFB0D /* DDWaterfallTests */,
			);
		};
/* End PBXProject section */

/* Begin PBXResourcesBuildPhase section */
		8EE3555B1A6BF849006CFB0D /* Resources */ = {
			isa = PBXResourcesBuildPhase;
			buildActionMask = 2147483647;
			files = (
				8EE3556C1A6BF849006CFB0D /* Main.storyboard in Resources */,
				8EE355711A6BF849006CFB0D /* LaunchScreen.xib in Resources */,
				8EE3556E1A6BF849006CFB0D /* Images.xcassets in Resources */,
			);
			runOnlyForDeploymentPostprocessing = 0;
		};
		8EE355741A6BF849006CFB0D /* Resources */ = {
			isa = PBXResourcesBuildPhase;
			buildActionMask = 2147483647;
			files = (
			);
			runOnlyForDeploymentPostprocessing = 0;
		};
/* End PBXResourcesBuildPhase section */

/* Begin PBXSourcesBuildPhase section */
		8EE355591A6BF849006CFB0D /* Sources */ = {
			isa = PBXSourcesBuildPhase;
			buildActionMask = 2147483647;
			files = (
				8EE355691A6BF849006CFB0D /* ViewController.m in Sources */,
				8EE3558F1A6BF92C006CFB0D /* DDWaterfallCell.m in Sources */,
				8EE3558C1A6BF8A4006CFB0D /* DDWaterfallView.m in Sources */,
				8EE355661A6BF849006CFB0D /* AppDelegate.m in Sources */,
				8EE355631A6BF849006CFB0D /* main.m in Sources */,
			);
			runOnlyForDeploymentPostprocessing = 0;
		};
		8EE355721A6BF849006CFB0D /* Sources */ = {
			isa = PBXSourcesBuildPhase;
			buildActionMask = 2147483647;
			files = (
				8EE3557D1A6BF849006CFB0D /* DDWaterfallTests.m in Sources */,
			);
			runOnlyForDeploymentPostprocessing = 0;
		};
/* End PBXSourcesBuildPhase section */

/* Begin PBXTargetDependency section */
		8EE355781A6BF849006CFB0D /* PBXTargetDependency */ = {
			isa = PBXTargetDependency;
			target = 8EE3555C1A6BF849006CFB0D /* DDWaterfall */;
			targetProxy = 8EE355771A6BF849006CFB0D /* PBXContainerItemProxy */;
		};
/* End PBXTargetDependency section */

/* Begin PBXVariantGroup section */
		8EE3556A1A6BF849006CFB0D /* Main.storyboard */ = {
			isa = PBXVariantGroup;
			children = (
				8EE3556B1A6BF849006CFB0D /* Base */,
			);
			name = Main.storyboard;
			sourceTree = "<group>";
		};
		8EE3556F1A6BF849006CFB0D /* LaunchScreen.xib */ = {
			isa = PBXVariantGroup;
			children = (
				8EE355701A6BF849006CFB0D /* Base */,
			);
			name = LaunchScreen.xib;
			sourceTree = "<group>";
		};
/* End PBXVariantGroup section */

/* Begin XCBuildConfiguration section */
		8EE3557E1A6BF849006CFB0D /* Debug */ = {
			isa = XCBuildConfiguration;
			buildSettings = {
				ALWAYS_SEARCH_USER_PATHS = NO;
				CLANG_CXX_LANGUAGE_STANDARD = "gnu++0x";
				CLANG_CXX_LIBRARY = "libc++";
				CLANG_ENABLE_MODULES = YES;
				CLANG_ENABLE_OBJC_ARC = YES;
				CLANG_WARN_BOOL_CONVERSION = YES;
				CLANG_WARN_CONSTANT_CONVERSION = YES;
				CLANG_WARN_DIRECT_OBJC_ISA_USAGE = YES_ERROR;
				CLANG_WARN_EMPTY_BODY = YES;
				CLANG_WARN_ENUM_CONVERSION = YES;
				CLANG_WARN_INT_CONVERSION = YES;
				CLANG_WARN_OBJC_ROOT_CLASS = YES_ERROR;
				CLANG_WARN_UNREACHABLE_CODE = YES;
				CLANG_WARN__DUPLICATE_METHOD_MATCH = YES;
				"CODE_SIGN_IDENTITY[sdk=iphoneos*]" = "iPhone Developer";
				COPY_PHASE_STRIP = NO;
				ENABLE_STRICT_OBJC_MSGSEND = YES;
				GCC_C_LANGUAGE_STANDARD = gnu99;
				GCC_DYNAMIC_NO_PIC = NO;
				GCC_OPTIMIZATION_LEVEL = 0;
				GCC_PREPROCESSOR_DEFINITIONS = (
					"DEBUG=1",
					"$(inherited)",
				);
				GCC_SYMBOLS_PRIVATE_EXTERN = NO;
				GCC_WARN_64_TO_32_BIT_CONVERSION = YES;
				GCC_WARN_ABOUT_RETURN_TYPE = YES_ERROR;
				GCC_WARN_UNDECLARED_SELECTOR = YES;
				GCC_WARN_UNINITIALIZED_AUTOS = YES_AGGRESSIVE;
				GCC_WARN_UNUSED_FUNCTION = YES;
				GCC_WARN_UNUSED_VARIABLE = YES;
				IPHONEOS_DEPLOYMENT_TARGET = 8.1;
				MTL_ENABLE_DEBUG_INFO = YES;
				ONLY_ACTIVE_ARCH = YES;
				SDKROOT = iphoneos;
			};
			name = Debug;
		};
		8EE3557F1A6BF849006CFB0D /* Release */ = {
			isa = XCBuildConfiguration;
			buildSettings = {
				ALWAYS_SEARCH_USER_PATHS = NO;
				CLANG_CXX_LANGUAGE_STANDARD = "gnu++0x";
				CLANG_CXX_LIBRARY = "libc++";
				CLANG_ENABLE_MODULES = YES;
				CLANG_ENABLE_OBJC_ARC = YES;
				CLANG_WARN_BOOL_CONVERSION = YES;
				CLANG_WARN_CONSTANT_CONVERSION = YES;
				CLANG_WARN_DIRECT_OBJC_ISA_USAGE = YES_ERROR;
				CLANG_WARN_EMPTY_BODY = YES;
				CLANG_WARN_ENUM_CONVERSION = YES;
				CLANG_WARN_INT_CONVERSION = YES;
				CLANG_WARN_OBJC_ROOT_CLASS = YES_ERROR;
				CLANG_WARN_UNREACHABLE_CODE = YES;
				CLANG_WARN__DUPLICATE_METHOD_MATCH = YES;
				"CODE_SIGN_IDENTITY[sdk=iphoneos*]" = "iPhone Developer";
				COPY_PHASE_STRIP = YES;
				ENABLE_NS_ASSERTIONS = NO;
				ENABLE_STRICT_OBJC_MSGSEND = YES;
				GCC_C_LANGUAGE_STANDARD = gnu99;
				GCC_WARN_64_TO_32_BIT_CONVERSION = YES;
				GCC_WARN_ABOUT_RETURN_TYPE = YES_ERROR;
				GCC_WARN_UNDECLARED_SELECTOR = YES;
				GCC_WARN_UNINITIALIZED_AUTOS = YES_AGGRESSIVE;
				GCC_WARN_UNUSED_FUNCTION = YES;
				GCC_WARN_UNUSED_VARIABLE = YES;
				IPHONEOS_DEPLOYMENT_TARGET = 8.1;
				MTL_ENABLE_DEBUG_INFO = NO;
				SDKROOT = iphoneos;
				VALIDATE_PRODUCT = YES;
			};
			name = Release;
		};
		8EE355811A6BF849006CFB0D /* Debug */ = {
			isa = XCBuildConfiguration;
			buildSettings = {
				ASSETCATALOG_COMPILER_APPICON_NAME = AppIcon;
				INFOPLIST_FILE = DDWaterfall/Info.plist;
				IPHONEOS_DEPLOYMENT_TARGET = 6.0;
				LD_RUNPATH_SEARCH_PATHS = "$(inherited) @executable_path/Frameworks";
				PRODUCT_NAME = "$(TARGET_NAME)";
			};
			name = Debug;
		};
		8EE355821A6BF849006CFB0D /* Release */ = {
			isa = XCBuildConfiguration;
			buildSettings = {
				ASSETCATALOG_COMPILER_APPICON_NAME = AppIcon;
				INFOPLIST_FILE = DDWaterfall/Info.plist;
				IPHONEOS_DEPLOYMENT_TARGET = 6.0;
				LD_RUNPATH_SEARCH_PATHS = "$(inherited) @executable_path/Frameworks";
				PRODUCT_NAME = "$(TARGET_NAME)";
			};
			name = Release;
		};
		8EE355841A6BF849006CFB0D /* Debug */ = {
			isa = XCBuildConfiguration;
			buildSettings = {
				BUNDLE_LOADER = "$(TEST_HOST)";
				FRAMEWORK_SEARCH_PATHS = (
					"$(SDKROOT)/Developer/Library/Frameworks",
					"$(inherited)",
				);
				GCC_PREPROCESSOR_DEFINITIONS = (
					"DEBUG=1",
					"$(inherited)",
				);
				INFOPLIST_FILE = DDWaterfallTests/Info.plist;
				LD_RUNPATH_SEARCH_PATHS = "$(inherited) @executable_path/Frameworks @loader_path/Frameworks";
				PRODUCT_NAME = "$(TARGET_NAME)";
				TEST_HOST = "$(BUILT_PRODUCTS_DIR)/DDWaterfall.app/DDWaterfall";
			};
			name = Debug;
		};
		8EE355851A6BF849006CFB0D /* Release */ = {
			isa = XCBuildConfiguration;
			buildSettings = {
				BUNDLE_LOADER = "$(TEST_HOST)";
				FRAMEWORK_SEARCH_PATHS = (
					"$(SDKROOT)/Developer/Library/Frameworks",
					"$(inherited)",
				);
				INFOPLIST_FILE = DDWaterfallTests/Info.plist;
				LD_RUNPATH_SEARCH_PATHS = "$(inherited) @executable_path/Frameworks @loader_path/Frameworks";
				PRODUCT_NAME = "$(TARGET_NAME)";
				TEST_HOST = "$(BUILT_PRODUCTS_DIR)/DDWaterfall.app/DDWaterfall";
			};
			name = Release;
		};
/* End XCBuildConfiguration section */

/* Begin XCConfigurationList section */
		8EE355581A6BF849006CFB0D /* Build configuration list for PBXProject "DDWaterfall" */ = {
			isa = XCConfigurationList;
			buildConfigurations = (
				8EE3557E1A6BF849006CFB0D /* Debug */,
				8EE3557F1A6BF849006CFB0D /* Release */,
			);
			defaultConfigurationIsVisible = 0;
			defaultConfigurationName = Release;
		};
		8EE355801A6BF849006CFB0D /* Build configuration list for PBXNativeTarget "DDWaterfall" */ = {
			isa = XCConfigurationList;
			buildConfigurations = (
				8EE355811A6BF849006CFB0D /* Debug */,
				8EE355821A6BF849006CFB0D /* Release */,
			);
			defaultConfigurationIsVisible = 0;
			defaultConfigurationName = Release;
		};
		8EE355831A6BF849006CFB0D /* Build configuration list for PBXNativeTarget "DDWaterfallTests" */ = {
			isa = XCConfigurationList;
			buildConfigurations = (
				8EE355841A6BF849006CFB0D /* Debug */,
				8EE355851A6BF849006CFB0D /* Release */,
			);
			defaultConfigurationIsVisible = 0;
			defaultConfigurationName = Release;
		};
/* End XCConfigurationList section */
	};
	rootObject = 8EE355551A6BF849006CFB0D /* Project object */;
}
